
Microsoft Visual Studio Solution File, Format Version 12.00
# Visual Studio Version 17
VisualStudioVersion = 17.2.32602.215
MinimumVisualStudioVersion = 10.0.40219.1
Project("{2150E333-8FDC-42A3-9474-1A3956D46DE8}") = "src", "src", "{05019C95-9BA0-4C57-9E09-BEE350EB1D49}"
EndProject
Project("{2150E333-8FDC-42A3-9474-1A3956D46DE8}") = "tests", "tests", "{C8CEEA85-FDE6-49DE-AB2C-8E0111BC7438}"
EndProject
Project("{2150E333-8FDC-42A3-9474-1A3956D46DE8}") = "core", "core", "{9382CA77-3E6F-4014-8DEA-CACEAF9FC70D}"
EndProject
Project("{2150E333-8FDC-42A3-9474-1A3956D46DE8}") = "Infrastructure", "Infrastructure", "{C1B66253-AAF0-4A7B-B831-E2C19CDEC069}"
EndProject
Project("{2150E333-8FDC-42A3-9474-1A3956D46DE8}") = "Presentation", "Presentation", "{1699BB14-DE86-47E7-ABA5-472D45552100}"
EndProject
Project("{9A19103F-16F7-4668-BE54-9A1E7A4F7556}") = "Domain", "Domain\Domain.csproj", "{4D66BBC4-1FF2-4D26-9DE8-DFA09EF7DE06}"
EndProject
Project("{9A19103F-16F7-4668-BE54-9A1E7A4F7556}") = "Application", "Application\Application.csproj", "{13C5B543-6E4C-492C-8A65-55BE1C0A5F65}"
EndProject
Project("{9A19103F-16F7-4668-BE54-9A1E7A4F7556}") = "Persistence", "Persistence\Persistence.csproj", "{B3841C40-917D-4265-AA0C-DDA8D651F243}"
EndProject
Project("{9A19103F-16F7-4668-BE54-9A1E7A4F7556}") = "WebApi", "WebApi\WebApi.csproj", "{DA7803F0-DAE3-497C-8DC5-7B275CCB0D82}"
EndProject
Project("{2150E333-8FDC-42A3-9474-1A3956D46DE8}") = "Host", "Host", "{5698E0AF-2C1A-4422-854F-6F76D81B7FE2}"
EndProject
Project("{2150E333-8FDC-42A3-9474-1A3956D46DE8}") = "Shared", "Shared", "{9C9FC902-D4B1-4E63-9D3F-80B187684B2B}"
EndProject
Project("{9A19103F-16F7-4668-BE54-9A1E7A4F7556}") = "Shared.DTOs", "Shared.DTOs\Shared.DTOs.csproj", "{4D3AD909-1DAD-41E8-A1EC-6D737B1977E1}"
EndProject
Project("{2150E333-8FDC-42A3-9474-1A3956D46DE8}") = "Identity", "Identity", "{B103F58E-3F4F-4F78-B133-D1650C62705F}"
EndProject
Project("{2150E333-8FDC-42A3-9474-1A3956D46DE8}") = "Filters", "Filters", "{DC9149DD-42CF-4E64-9D81-F280F550D381}"
	ProjectSection(SolutionItems) = preProject
		BaseFilter.cs = BaseFilter.cs
	EndProjectSection
EndProject
Project("{9A19103F-16F7-4668-BE54-9A1E7A4F7556}") = "Infrastructure", "Infrastructure\Infrastructure.csproj", "{6410D881-175B-4859-A62A-4B26CA700712}"
EndProject
Project("{9A19103F-16F7-4668-BE54-9A1E7A4F7556}") = "MVC", "MVC\MVC.csproj", "{D64AC9E9-9624-4D5A-A55C-048D06DE6AA8}"
EndProject
Project("{FAE04EC0-301F-11D3-BF4B-00C04F79EFBC}") = "Gatway.WebApi", "Gatway.WebApi\Gatway.WebApi.csproj", "{A720D6F3-360E-42A8-B684-938B63B3A83B}"
EndProject
Project("{2150E333-8FDC-42A3-9474-1A3956D46DE8}") = "Client", "Client", "{DEA9C3B5-27BD-4DA3-A5F8-BA1BBAABBA64}"
EndProject
Global
	GlobalSection(SolutionConfigurationPlatforms) = preSolution
		Debug|Any CPU = Debug|Any CPU
		Release|Any CPU = Release|Any CPU
	EndGlobalSection
	GlobalSection(ProjectConfigurationPlatforms) = postSolution
		{4D66BBC4-1FF2-4D26-9DE8-DFA09EF7DE06}.Debug|Any CPU.ActiveCfg = Debug|Any CPU
		{4D66BBC4-1FF2-4D26-9DE8-DFA09EF7DE06}.Debug|Any CPU.Build.0 = Debug|Any CPU
		{4D66BBC4-1FF2-4D26-9DE8-DFA09EF7DE06}.Release|Any CPU.ActiveCfg = Release|Any CPU
		{4D66BBC4-1FF2-4D26-9DE8-DFA09EF7DE06}.Release|Any CPU.Build.0 = Release|Any CPU
		{13C5B543-6E4C-492C-8A65-55BE1C0A5F65}.Debug|Any CPU.ActiveCfg = Debug|Any CPU
		{13C5B543-6E4C-492C-8A65-55BE1C0A5F65}.Debug|Any CPU.Build.0 = Debug|Any CPU
		{13C5B543-6E4C-492C-8A65-55BE1C0A5F65}.Release|Any CPU.ActiveCfg = Release|Any CPU
		{13C5B543-6E4C-492C-8A65-55BE1C0A5F65}.Release|Any CPU.Build.0 = Release|Any CPU
		{B3841C40-917D-4265-AA0C-DDA8D651F243}.Debug|Any CPU.ActiveCfg = Debug|Any CPU
		{B3841C40-917D-4265-AA0C-DDA8D651F243}.Debug|Any CPU.Build.0 = Debug|Any CPU
		{B3841C40-917D-4265-AA0C-DDA8D651F243}.Release|Any CPU.ActiveCfg = Release|Any CPU
		{B3841C40-917D-4265-AA0C-DDA8D651F243}.Release|Any CPU.Build.0 = Release|Any CPU
		{DA7803F0-DAE3-497C-8DC5-7B275CCB0D82}.Debug|Any CPU.ActiveCfg = Debug|Any CPU
		{DA7803F0-DAE3-497C-8DC5-7B275CCB0D82}.Debug|Any CPU.Build.0 = Debug|Any CPU
		{DA7803F0-DAE3-497C-8DC5-7B275CCB0D82}.Release|Any CPU.ActiveCfg = Release|Any CPU
		{DA7803F0-DAE3-497C-8DC5-7B275CCB0D82}.Release|Any CPU.Build.0 = Release|Any CPU
		{4D3AD909-1DAD-41E8-A1EC-6D737B1977E1}.Debug|Any CPU.ActiveCfg = Debug|Any CPU
		{4D3AD909-1DAD-41E8-A1EC-6D737B1977E1}.Debug|Any CPU.Build.0 = Debug|Any CPU
		{4D3AD909-1DAD-41E8-A1EC-6D737B1977E1}.Release|Any CPU.ActiveCfg = Release|Any CPU
		{4D3AD909-1DAD-41E8-A1EC-6D737B1977E1}.Release|Any CPU.Build.0 = Release|Any CPU
		{6410D881-175B-4859-A62A-4B26CA700712}.Debug|Any CPU.ActiveCfg = Debug|Any CPU
		{6410D881-175B-4859-A62A-4B26CA700712}.Debug|Any CPU.Build.0 = Debug|Any CPU
		{6410D881-175B-4859-A62A-4B26CA700712}.Release|Any CPU.ActiveCfg = Release|Any CPU
		{6410D881-175B-4859-A62A-4B26CA700712}.Release|Any CPU.Build.0 = Release|Any CPU
		{D64AC9E9-9624-4D5A-A55C-048D06DE6AA8}.Debug|Any CPU.ActiveCfg = Debug|Any CPU
		{D64AC9E9-9624-4D5A-A55C-048D06DE6AA8}.Debug|Any CPU.Build.0 = Debug|Any CPU
		{D64AC9E9-9624-4D5A-A55C-048D06DE6AA8}.Release|Any CPU.ActiveCfg = Release|Any CPU
		{D64AC9E9-9624-4D5A-A55C-048D06DE6AA8}.Release|Any CPU.Build.0 = Release|Any CPU
		{A720D6F3-360E-42A8-B684-938B63B3A83B}.Debug|Any CPU.ActiveCfg = Debug|Any CPU
		{A720D6F3-360E-42A8-B684-938B63B3A83B}.Debug|Any CPU.Build.0 = Debug|Any CPU
		{A720D6F3-360E-42A8-B684-938B63B3A83B}.Release|Any CPU.ActiveCfg = Release|Any CPU
		{A720D6F3-360E-42A8-B684-938B63B3A83B}.Release|Any CPU.Build.0 = Release|Any CPU
	EndGlobalSection
	GlobalSection(SolutionProperties) = preSolution
		HideSolutionNode = FALSE
	EndGlobalSection
	GlobalSection(NestedProjects) = preSolution
		{9382CA77-3E6F-4014-8DEA-CACEAF9FC70D} = {05019C95-9BA0-4C57-9E09-BEE350EB1D49}
		{C1B66253-AAF0-4A7B-B831-E2C19CDEC069} = {05019C95-9BA0-4C57-9E09-BEE350EB1D49}
		{1699BB14-DE86-47E7-ABA5-472D45552100} = {05019C95-9BA0-4C57-9E09-BEE350EB1D49}
		{4D66BBC4-1FF2-4D26-9DE8-DFA09EF7DE06} = {9382CA77-3E6F-4014-8DEA-CACEAF9FC70D}
		{13C5B543-6E4C-492C-8A65-55BE1C0A5F65} = {9382CA77-3E6F-4014-8DEA-CACEAF9FC70D}
		{B3841C40-917D-4265-AA0C-DDA8D651F243} = {C1B66253-AAF0-4A7B-B831-E2C19CDEC069}
		{DA7803F0-DAE3-497C-8DC5-7B275CCB0D82} = {1699BB14-DE86-47E7-ABA5-472D45552100}
		{5698E0AF-2C1A-4422-854F-6F76D81B7FE2} = {05019C95-9BA0-4C57-9E09-BEE350EB1D49}
		{9C9FC902-D4B1-4E63-9D3F-80B187684B2B} = {05019C95-9BA0-4C57-9E09-BEE350EB1D49}
		{4D3AD909-1DAD-41E8-A1EC-6D737B1977E1} = {9C9FC902-D4B1-4E63-9D3F-80B187684B2B}
		{B103F58E-3F4F-4F78-B133-D1650C62705F} = {9C9FC902-D4B1-4E63-9D3F-80B187684B2B}
		{DC9149DD-42CF-4E64-9D81-F280F550D381} = {9C9FC902-D4B1-4E63-9D3F-80B187684B2B}
		{6410D881-175B-4859-A62A-4B26CA700712} = {C1B66253-AAF0-4A7B-B831-E2C19CDEC069}
		{D64AC9E9-9624-4D5A-A55C-048D06DE6AA8} = {1699BB14-DE86-47E7-ABA5-472D45552100}
		{A720D6F3-360E-42A8-B684-938B63B3A83B} = {5698E0AF-2C1A-4422-854F-6F76D81B7FE2}
		{DEA9C3B5-27BD-4DA3-A5F8-BA1BBAABBA64} = {05019C95-9BA0-4C57-9E09-BEE350EB1D49}
	EndGlobalSection
	GlobalSection(ExtensibilityGlobals) = postSolution
		SolutionGuid = {A3463869-B523-4E04-8BF1-DD7BCFDC8EA8}
	EndGlobalSection
EndGlobal
